
Microsoft Visual Studio Solution File, Format Version 12.00
# Visual Studio Version 17
VisualStudioVersion = 17.13.35931.197 d17.13
MinimumVisualStudioVersion = 10.0.40219.1
Project("{FAE04EC0-301F-11D3-BF4B-00C04F79EFBC}") = "CoffeeApplication", "CoffeeApplication\CoffeeApplication.csproj", "{DBF5C3C2-50C2-483F-A120-667C64ECF606}"
EndProject
Global
	GlobalSection(SolutionConfigurationPlatforms) = preSolution
		Debug|Any CPU = Debug|Any CPU
		Release|Any CPU = Release|Any CPU
	EndGlobalSection
	GlobalSection(ProjectConfigurationPlatforms) = postSolution
		{DBF5C3C2-50C2-483F-A120-667C64ECF606}.Debug|Any CPU.ActiveCfg = Debug|Any CPU
		{DBF5C3C2-50C2-483F-A120-667C64ECF606}.Debug|Any CPU.Build.0 = Debug|Any CPU
		{DBF5C3C2-50C2-483F-A120-667C64ECF606}.Release|Any CPU.ActiveCfg = Release|Any CPU
		{DBF5C3C2-50C2-483F-A120-667C64ECF606}.Release|Any CPU.Build.0 = Release|Any CPU
	EndGlobalSection
	GlobalSection(SolutionProperties) = preSolution
		HideSolutionNode = FALSE
	EndGlobalSection
	GlobalSection(ExtensibilityGlobals) = postSolution
		SolutionGuid = {49A0E6B0-3D35-45E2-AE61-1D6F8592AE91}
	EndGlobalSection
EndGlobal
